// !$*UTF8*$!
{
	archiveVersion = 1;
	classes = {
	};
	objectVersion = 56;
	objects = {

/* Begin PBXBuildFile section */
		AEA85ACA2A9620DB0018021E /* AppDelegate.swift in Sources */ = {isa = PBXBuildFile; fileRef = AEA85AC92A9620DB0018021E /* AppDelegate.swift */; };
		AEA85ACC2A9620DB0018021E /* SceneDelegate.swift in Sources */ = {isa = PBXBuildFile; fileRef = AEA85ACB2A9620DB0018021E /* SceneDelegate.swift */; };
		AEA85ACE2A9620DB0018021E /* ViewController.swift in Sources */ = {isa = PBXBuildFile; fileRef = AEA85ACD2A9620DB0018021E /* ViewController.swift */; };
		AEA85AD12A9620DB0018021E /* Main.storyboard in Resources */ = {isa = PBXBuildFile; fileRef = AEA85ACF2A9620DB0018021E /* Main.storyboard */; };
		AEA85AD32A9620DD0018021E /* Assets.xcassets in Resources */ = {isa = PBXBuildFile; fileRef = AEA85AD22A9620DD0018021E /* Assets.xcassets */; };
		AEA85AD62A9620DD0018021E /* LaunchScreen.storyboard in Resources */ = {isa = PBXBuildFile; fileRef = AEA85AD42A9620DD0018021E /* LaunchScreen.storyboard */; };
		AEA85AE12A9620DD0018021E /* SampleApplicationTests.swift in Sources */ = {isa = PBXBuildFile; fileRef = AEA85AE02A9620DD0018021E /* SampleApplicationTests.swift */; };
		AEA85AEB2A9620DD0018021E /* SampleApplicationUITests.swift in Sources */ = {isa = PBXBuildFile; fileRef = AEA85AEA2A9620DD0018021E /* SampleApplicationUITests.swift */; };
		AEA85AED2A9620DD0018021E /* SampleApplicationUITestsLaunchTests.swift in Sources */ = {isa = PBXBuildFile; fileRef = AEA85AEC2A9620DD0018021E /* SampleApplicationUITestsLaunchTests.swift */; };
/* End PBXBuildFile section */

/* Begin PBXContainerItemProxy section */
		AEA85ADD2A9620DD0018021E /* PBXContainerItemProxy */ = {
			isa = PBXContainerItemProxy;
			containerPortal = AEA85ABE2A9620DB0018021E /* Project object */;
			proxyType = 1;
			remoteGlobalIDString = AEA85AC52A9620DB0018021E;
			remoteInfo = SampleApplication;
		};
		AEA85AE72A9620DD0018021E /* PBXContainerItemProxy */ = {
			isa = PBXContainerItemProxy;
			containerPortal = AEA85ABE2A9620DB0018021E /* Project object */;
			proxyType = 1;
			remoteGlobalIDString = AEA85AC52A9620DB0018021E;
			remoteInfo = SampleApplication;
		};
/* End PBXContainerItemProxy section */

/* Begin PBXFileReference section */
		AEA85AC62A9620DB0018021E /* SampleApplication.app */ = {isa = PBXFileReference; explicitFileType = wrapper.application; includeInIndex = 0; path = SampleApplication.app; sourceTree = BUILT_PRODUCTS_DIR; };
		AEA85AC92A9620DB0018021E /* AppDelegate.swift */ = {isa = PBXFileReference; lastKnownFileType = sourcecode.swift; path = AppDelegate.swift; sourceTree = "<group>"; };
		AEA85ACB2A9620DB0018021E /* SceneDelegate.swift */ = {isa = PBXFileReference; lastKnownFileType = sourcecode.swift; path = SceneDelegate.swift; sourceTree = "<group>"; };
		AEA85ACD2A9620DB0018021E /* ViewController.swift */ = {isa = PBXFileReference; lastKnownFileType = sourcecode.swift; path = ViewController.swift; sourceTree = "<group>"; };
		AEA85AD02A9620DB0018021E /* Base */ = {isa = PBXFileReference; lastKnownFileType = file.storyboard; name = Base; path = Base.lproj/Main.storyboard; sourceTree = "<group>"; };
		AEA85AD22A9620DD0018021E /* Assets.xcassets */ = {isa = PBXFileReference; lastKnownFileType = folder.assetcatalog; path = Assets.xcassets; sourceTree = "<group>"; };
		AEA85AD52A9620DD0018021E /* Base */ = {isa = PBXFileReference; lastKnownFileType = file.storyboard; name = Base; path = Base.lproj/LaunchScreen.storyboard; sourceTree = "<group>"; };
		AEA85AD72A9620DD0018021E /* Info.plist */ = {isa = PBXFileReference; lastKnownFileType = text.plist.xml; path = Info.plist; sourceTree = "<group>"; };
		AEA85ADC2A9620DD0018021E /* SampleApplicationTests.xctest */ = {isa = PBXFileReference; explicitFileType = wrapper.cfbundle; includeInIndex = 0; path = SampleApplicationTests.xctest; sourceTree = BUILT_PRODUCTS_DIR; };
		AEA85AE02A9620DD0018021E /* SampleApplicationTests.swift */ = {isa = PBXFileReference; lastKnownFileType = sourcecode.swift; path = SampleApplicationTests.swift; sourceTree = "<group>"; };
		AEA85AE62A9620DD0018021E /* SampleApplicationUITests.xctest */ = {isa = PBXFileReference; explicitFileType = wrapper.cfbundle; includeInIndex = 0; path = SampleApplicationUITests.xctest; sourceTree = BUILT_PRODUCTS_DIR; };
		AEA85AEA2A9620DD0018021E /* SampleApplicationUITests.swift */ = {isa = PBXFileReference; lastKnownFileType = sourcecode.swift; path = SampleApplicationUITests.swift; sourceTree = "<group>"; };
		AEA85AEC2A9620DD0018021E /* SampleApplicationUITestsLaunchTests.swift */ = {isa = PBXFileReference; lastKnownFileType = sourcecode.swift; path = SampleApplicationUITestsLaunchTests.swift; sourceTree = "<group>"; };
/* End PBXFileReference section */

/* Begin PBXFrameworksBuildPhase section */
		AEA85AC32A9620DB0018021E /* Frameworks */ = {
			isa = PBXFrameworksBuildPhase;
			buildActionMask = 2147483647;
			files = (
			);
			runOnlyForDeploymentPostprocessing = 0;
		};
		AEA85AD92A9620DD0018021E /* Frameworks */ = {
			isa = PBXFrameworksBuildPhase;
			buildActionMask = 2147483647;
			files = (
			);
			runOnlyForDeploymentPostprocessing = 0;
		};
		AEA85AE32A9620DD0018021E /* Frameworks */ = {
			isa = PBXFrameworksBuildPhase;
			buildActionMask = 2147483647;
			files = (
			);
			runOnlyForDeploymentPostprocessing = 0;
		};
/* End PBXFrameworksBuildPhase section */

/* Begin PBXGroup section */
		AEA85ABD2A9620DB0018021E = {
			isa = PBXGroup;
			children = (
				AEA85AC82A9620DB0018021E /* SampleApplication */,
				AEA85ADF2A9620DD0018021E /* SampleApplicationTests */,
				AEA85AE92A9620DD0018021E /* SampleApplicationUITests */,
				AEA85AC72A9620DB0018021E /* Products */,
			);
			sourceTree = "<group>";
		};
		AEA85AC72A9620DB0018021E /* Products */ = {
			isa = PBXGroup;
			children = (
				AEA85AC62A9620DB0018021E /* SampleApplication.app */,
				AEA85ADC2A9620DD0018021E /* SampleApplicationTests.xctest */,
				AEA85AE62A9620DD0018021E /* SampleApplicationUITests.xctest */,
			);
			name = Products;
			sourceTree = "<group>";
		};
		AEA85AC82A9620DB0018021E /* SampleApplication */ = {
			isa = PBXGroup;
			children = (
				AEA85AC92A9620DB0018021E /* AppDelegate.swift */,
				AEA85ACB2A9620DB0018021E /* SceneDelegate.swift */,
				AEA85ACD2A9620DB0018021E /* ViewController.swift */,
				AEA85ACF2A9620DB0018021E /* Main.storyboard */,
				AEA85AD22A9620DD0018021E /* Assets.xcassets */,
				AEA85AD42A9620DD0018021E /* LaunchScreen.storyboard */,
				AEA85AD72A9620DD0018021E /* Info.plist */,
			);
			path = SampleApplication;
			sourceTree = "<group>";
		};
		AEA85ADF2A9620DD0018021E /* SampleApplicationTests */ = {
			isa = PBXGroup;
			children = (
				AEA85AE02A9620DD0018021E /* SampleApplicationTests.swift */,
			);
			path = SampleApplicationTests;
			sourceTree = "<group>";
		};
		AEA85AE92A9620DD0018021E /* SampleApplicationUITests */ = {
			isa = PBXGroup;
			children = (
				AEA85AEA2A9620DD0018021E /* SampleApplicationUITests.swift */,
				AEA85AEC2A9620DD0018021E /* SampleApplicationUITestsLaunchTests.swift */,
			);
			path = SampleApplicationUITests;
			sourceTree = "<group>";
		};
/* End PBXGroup section */

/* Begin PBXNativeTarget section */
		AEA85AC52A9620DB0018021E /* SampleApplication */ = {
			isa = PBXNativeTarget;
			buildConfigurationList = AEA85AF02A9620DD0018021E /* Build configuration list for PBXNativeTarget "SampleApplication" */;
			buildPhases = (
				AEA85AC22A9620DB0018021E /* Sources */,
				AEA85AC32A9620DB0018021E /* Frameworks */,
				AEA85AC42A9620DB0018021E /* Resources */,
			);
			buildRules = (
			);
			dependencies = (
			);
			name = SampleApplication;
			productName = SampleApplication;
			productReference = AEA85AC62A9620DB0018021E /* SampleApplication.app */;
			productType = "com.apple.product-type.application";
		};
		AEA85ADB2A9620DD0018021E /* SampleApplicationTests */ = {
			isa = PBXNativeTarget;
			buildConfigurationList = AEA85AF32A9620DD0018021E /* Build configuration list for PBXNativeTarget "SampleApplicationTests" */;
			buildPhases = (
				AEA85AD82A9620DD0018021E /* Sources */,
				AEA85AD92A9620DD0018021E /* Frameworks */,
				AEA85ADA2A9620DD0018021E /* Resources */,
			);
			buildRules = (
			);
			dependencies = (
				AEA85ADE2A9620DD0018021E /* PBXTargetDependency */,
			);
			name = SampleApplicationTests;
			productName = SampleApplicationTests;
			productReference = AEA85ADC2A9620DD0018021E /* SampleApplicationTests.xctest */;
			productType = "com.apple.product-type.bundle.unit-test";
		};
		AEA85AE52A9620DD0018021E /* SampleApplicationUITests */ = {
			isa = PBXNativeTarget;
			buildConfigurationList = AEA85AF62A9620DD0018021E /* Build configuration list for PBXNativeTarget "SampleApplicationUITests" */;
			buildPhases = (
				AEA85AE22A9620DD0018021E /* Sources */,
				AEA85AE32A9620DD0018021E /* Frameworks */,
				AEA85AE42A9620DD0018021E /* Resources */,
			);
			buildRules = (
			);
			dependencies = (
				AEA85AE82A9620DD0018021E /* PBXTargetDependency */,
			);
			name = SampleApplicationUITests;
			productName = SampleApplicationUITests;
			productReference = AEA85AE62A9620DD0018021E /* SampleApplicationUITests.xctest */;
			productType = "com.apple.product-type.bundle.ui-testing";
		};
/* End PBXNativeTarget section */

/* Begin PBXProject section */
		AEA85ABE2A9620DB0018021E /* Project object */ = {
			isa = PBXProject;
			attributes = {
				BuildIndependentTargetsInParallel = 1;
				LastSwiftUpdateCheck = 1430;
				LastUpgradeCheck = 1430;
				TargetAttributes = {
					AEA85AC52A9620DB0018021E = {
						CreatedOnToolsVersion = 14.3.1;
					};
					AEA85ADB2A9620DD0018021E = {
						CreatedOnToolsVersion = 14.3.1;
						TestTargetID = AEA85AC52A9620DB0018021E;
					};
					AEA85AE52A9620DD0018021E = {
						CreatedOnToolsVersion = 14.3.1;
						TestTargetID = AEA85AC52A9620DB0018021E;
					};
				};
			};
			buildConfigurationList = AEA85AC12A9620DB0018021E /* Build configuration list for PBXProject "SampleApplication" */;
			compatibilityVersion = "Xcode 14.0";
			developmentRegion = en;
			hasScannedForEncodings = 0;
			knownRegions = (
				en,
				Base,
			);
			mainGroup = AEA85ABD2A9620DB0018021E;
			productRefGroup = AEA85AC72A9620DB0018021E /* Products */;
			projectDirPath = "";
			projectRoot = "";
			targets = (
				AEA85AC52A9620DB0018021E /* SampleApplication */,
				AEA85ADB2A9620DD0018021E /* SampleApplicationTests */,
				AEA85AE52A9620DD0018021E /* SampleApplicationUITests */,
			);
		};
/* End PBXProject section */

/* Begin PBXResourcesBuildPhase section */
		AEA85AC42A9620DB0018021E /* Resources */ = {
			isa = PBXResourcesBuildPhase;
			buildActionMask = 2147483647;
			files = (
				AEA85AD62A9620DD0018021E /* LaunchScreen.storyboard in Resources */,
				AEA85AD32A9620DD0018021E /* Assets.xcassets in Resources */,
				AEA85AD12A9620DB0018021E /* Main.storyboard in Resources */,
			);
			runOnlyForDeploymentPostprocessing = 0;
		};
		AEA85ADA2A9620DD0018021E /* Resources */ = {
			isa = PBXResourcesBuildPhase;
			buildActionMask = 2147483647;
			files = (
			);
			runOnlyForDeploymentPostprocessing = 0;
		};
		AEA85AE42A9620DD0018021E /* Resources */ = {
			isa = PBXResourcesBuildPhase;
			buildActionMask = 2147483647;
			files = (
			);
			runOnlyForDeploymentPostprocessing = 0;
		};
/* End PBXResourcesBuildPhase section */

/* Begin PBXSourcesBuildPhase section */
		AEA85AC22A9620DB0018021E /* Sources */ = {
			isa = PBXSourcesBuildPhase;
			buildActionMask = 2147483647;
			files = (
				AEA85ACE2A9620DB0018021E /* ViewController.swift in Sources */,
				AEA85ACA2A9620DB0018021E /* AppDelegate.swift in Sources */,
				AEA85ACC2A9620DB0018021E /* SceneDelegate.swift in Sources */,
			);
			runOnlyForDeploymentPostprocessing = 0;
		};
		AEA85AD82A9620DD0018021E /* Sources */ = {
			isa = PBXSourcesBuildPhase;
			buildActionMask = 2147483647;
			files = (
				AEA85AE12A9620DD0018021E /* SampleApplicationTests.swift in Sources */,
			);
			runOnlyForDeploymentPostprocessing = 0;
		};
		AEA85AE22A9620DD0018021E /* Sources */ = {
			isa = PBXSourcesBuildPhase;
			buildActionMask = 2147483647;
			files = (
				AEA85AEB2A9620DD0018021E /* SampleApplicationUITests.swift in Sources */,
				AEA85AED2A9620DD0018021E /* SampleApplicationUITestsLaunchTests.swift in Sources */,
			);
			runOnlyForDeploymentPostprocessing = 0;
		};
/* End PBXSourcesBuildPhase section */

/* Begin PBXTargetDependency section */
		AEA85ADE2A9620DD0018021E /* PBXTargetDependency */ = {
			isa = PBXTargetDependency;
			target = AEA85AC52A9620DB0018021E /* SampleApplication */;
			targetProxy = AEA85ADD2A9620DD0018021E /* PBXContainerItemProxy */;
		};
		AEA85AE82A9620DD0018021E /* PBXTargetDependency */ = {
			isa = PBXTargetDependency;
			target = AEA85AC52A9620DB0018021E /* SampleApplication */;
			targetProxy = AEA85AE72A9620DD0018021E /* PBXContainerItemProxy */;
		};
/* End PBXTargetDependency section */

/* Begin PBXVariantGroup section */
		AEA85ACF2A9620DB0018021E /* Main.storyboard */ = {
			isa = PBXVariantGroup;
			children = (
				AEA85AD02A9620DB0018021E /* Base */,
			);
			name = Main.storyboard;
			sourceTree = "<group>";
		};
		AEA85AD42A9620DD0018021E /* LaunchScreen.storyboard */ = {
			isa = PBXVariantGroup;
			children = (
				AEA85AD52A9620DD0018021E /* Base */,
			);
			name = LaunchScreen.storyboard;
			sourceTree = "<group>";
		};
/* End PBXVariantGroup section */

/* Begin XCBuildConfiguration section */
		AEA85AEE2A9620DD0018021E /* Debug */ = {
			isa = XCBuildConfiguration;
			buildSettings = {
				ALWAYS_SEARCH_USER_PATHS = NO;
				CLANG_ANALYZER_NONNULL = YES;
				CLANG_ANALYZER_NUMBER_OBJECT_CONVERSION = YES_AGGRESSIVE;
				CLANG_CXX_LANGUAGE_STANDARD = "gnu++20";
				CLANG_ENABLE_MODULES = YES;
				CLANG_ENABLE_OBJC_ARC = YES;
				CLANG_ENABLE_OBJC_WEAK = YES;
				CLANG_WARN_BLOCK_CAPTURE_AUTORELEASING = YES;
				CLANG_WARN_BOOL_CONVERSION = YES;
				CLANG_WARN_COMMA = YES;
				CLANG_WARN_CONSTANT_CONVERSION = YES;
				CLANG_WARN_DEPRECATED_OBJC_IMPLEMENTATIONS = YES;
				CLANG_WARN_DIRECT_OBJC_ISA_USAGE = YES_ERROR;
				CLANG_WARN_DOCUMENTATION_COMMENTS = YES;
				CLANG_WARN_EMPTY_BODY = YES;
				CLANG_WARN_ENUM_CONVERSION = YES;
				CLANG_WARN_INFINITE_RECURSION = YES;
				CLANG_WARN_INT_CONVERSION = YES;
				CLANG_WARN_NON_LITERAL_NULL_CONVERSION = YES;
				CLANG_WARN_OBJC_IMPLICIT_RETAIN_SELF = YES;
				CLANG_WARN_OBJC_LITERAL_CONVERSION = YES;
				CLANG_WARN_OBJC_ROOT_CLASS = YES_ERROR;
				CLANG_WARN_QUOTED_INCLUDE_IN_FRAMEWORK_HEADER = YES;
				CLANG_WARN_RANGE_LOOP_ANALYSIS = YES;
				CLANG_WARN_STRICT_PROTOTYPES = YES;
				CLANG_WARN_SUSPICIOUS_MOVE = YES;
				CLANG_WARN_UNGUARDED_AVAILABILITY = YES_AGGRESSIVE;
				CLANG_WARN_UNREACHABLE_CODE = YES;
				CLANG_WARN__DUPLICATE_METHOD_MATCH = YES;
				COPY_PHASE_STRIP = NO;
				DEBUG_INFORMATION_FORMAT = dwarf;
				ENABLE_STRICT_OBJC_MSGSEND = YES;
				ENABLE_TESTABILITY = YES;
				GCC_C_LANGUAGE_STANDARD = gnu11;
				GCC_DYNAMIC_NO_PIC = NO;
				GCC_NO_COMMON_BLOCKS = YES;
				GCC_OPTIMIZATION_LEVEL = 0;
				GCC_PREPROCESSOR_DEFINITIONS = (
					"DEBUG=1",
					"$(inherited)",
				);
				GCC_WARN_64_TO_32_BIT_CONVERSION = YES;
				GCC_WARN_ABOUT_RETURN_TYPE = YES_ERROR;
				GCC_WARN_UNDECLARED_SELECTOR = YES;
				GCC_WARN_UNINITIALIZED_AUTOS = YES_AGGRESSIVE;
				GCC_WARN_UNUSED_FUNCTION = YES;
				GCC_WARN_UNUSED_VARIABLE = YES;
				IPHONEOS_DEPLOYMENT_TARGET = 16.4;
				MTL_ENABLE_DEBUG_INFO = INCLUDE_SOURCE;
				MTL_FAST_MATH = YES;
				ONLY_ACTIVE_ARCH = YES;
				SDKROOT = iphoneos;
				SWIFT_ACTIVE_COMPILATION_CONDITIONS = DEBUG;
				SWIFT_OPTIMIZATION_LEVEL = "-Onone";
			};
			name = Debug;
		};
		AEA85AEF2A9620DD0018021E /* Release */ = {
			isa = XCBuildConfiguration;
			buildSettings = {
				ALWAYS_SEARCH_USER_PATHS = NO;
				CLANG_ANALYZER_NONNULL = YES;
				CLANG_ANALYZER_NUMBER_OBJECT_CONVERSION = YES_AGGRESSIVE;
				CLANG_CXX_LANGUAGE_STANDARD = "gnu++20";
				CLANG_ENABLE_MODULES = YES;
				CLANG_ENABLE_OBJC_ARC = YES;
				CLANG_ENABLE_OBJC_WEAK = YES;
				CLANG_WARN_BLOCK_CAPTURE_AUTORELEASING = YES;
				CLANG_WARN_BOOL_CONVERSION = YES;
				CLANG_WARN_COMMA = YES;
				CLANG_WARN_CONSTANT_CONVERSION = YES;
				CLANG_WARN_DEPRECATED_OBJC_IMPLEMENTATIONS = YES;
				CLANG_WARN_DIRECT_OBJC_ISA_USAGE = YES_ERROR;
				CLANG_WARN_DOCUMENTATION_COMMENTS = YES;
				CLANG_WARN_EMPTY_BODY = YES;
				CLANG_WARN_ENUM_CONVERSION = YES;
				CLANG_WARN_INFINITE_RECURSION = YES;
				CLANG_WARN_INT_CONVERSION = YES;
				CLANG_WARN_NON_LITERAL_NULL_CONVERSION = YES;
				CLANG_WARN_OBJC_IMPLICIT_RETAIN_SELF = YES;
				CLANG_WARN_OBJC_LITERAL_CONVERSION = YES;
				CLANG_WARN_OBJC_ROOT_CLASS = YES_ERROR;
				CLANG_WARN_QUOTED_INCLUDE_IN_FRAMEWORK_HEADER = YES;
				CLANG_WARN_RANGE_LOOP_ANALYSIS = YES;
				CLANG_WARN_STRICT_PROTOTYPES = YES;
				CLANG_WARN_SUSPICIOUS_MOVE = YES;
				CLANG_WARN_UNGUARDED_AVAILABILITY = YES_AGGRESSIVE;
				CLANG_WARN_UNREACHABLE_CODE = YES;
				CLANG_WARN__DUPLICATE_METHOD_MATCH = YES;
				COPY_PHASE_STRIP = NO;
				DEBUG_INFORMATION_FORMAT = "dwarf-with-dsym";
				ENABLE_NS_ASSERTIONS = NO;
				ENABLE_STRICT_OBJC_MSGSEND = YES;
				GCC_C_LANGUAGE_STANDARD = gnu11;
				GCC_NO_COMMON_BLOCKS = YES;
				GCC_WARN_64_TO_32_BIT_CONVERSION = YES;
				GCC_WARN_ABOUT_RETURN_TYPE = YES_ERROR;
				GCC_WARN_UNDECLARED_SELECTOR = YES;
				GCC_WARN_UNINITIALIZED_AUTOS = YES_AGGRESSIVE;
				GCC_WARN_UNUSED_FUNCTION = YES;
				GCC_WARN_UNUSED_VARIABLE = YES;
				IPHONEOS_DEPLOYMENT_TARGET = 16.4;
				MTL_ENABLE_DEBUG_INFO = NO;
				MTL_FAST_MATH = YES;
				SDKROOT = iphoneos;
				SWIFT_COMPILATION_MODE = wholemodule;
				SWIFT_OPTIMIZATION_LEVEL = "-O";
				VALIDATE_PRODUCT = YES;
			};
			name = Release;
		};
		AEA85AF12A9620DD0018021E /* Debug */ = {
			isa = XCBuildConfiguration;
			buildSettings = {
				ASSETCATALOG_COMPILER_APPICON_NAME = AppIcon;
				ASSETCATALOG_COMPILER_GLOBAL_ACCENT_COLOR_NAME = AccentColor;
				CODE_SIGN_STYLE = Automatic;
				CURRENT_PROJECT_VERSION = 1;
				GENERATE_INFOPLIST_FILE = YES;
				INFOPLIST_FILE = SampleApplication/Info.plist;
				INFOPLIST_KEY_UIApplicationSupportsIndirectInputEvents = YES;
				INFOPLIST_KEY_UILaunchStoryboardName = LaunchScreen;
				INFOPLIST_KEY_UIMainStoryboardFile = Main;
				INFOPLIST_KEY_UISupportedInterfaceOrientations_iPad = "UIInterfaceOrientationPortrait UIInterfaceOrientationPortraitUpsideDown UIInterfaceOrientationLandscapeLeft UIInterfaceOrientationLandscapeRight";
				INFOPLIST_KEY_UISupportedInterfaceOrientations_iPhone = "UIInterfaceOrientationPortrait UIInterfaceOrientationLandscapeLeft UIInterfaceOrientationLandscapeRight";
				LD_RUNPATH_SEARCH_PATHS = (
					"$(inherited)",
					"@executable_path/Frameworks",
				);
				MARKETING_VERSION = 1.0;
				PRODUCT_BUNDLE_IDENTIFIER = Koptotech.SampleApplication;
				PRODUCT_NAME = "$(TARGET_NAME)";
				SWIFT_EMIT_LOC_STRINGS = YES;
				SWIFT_VERSION = 5.0;
				TARGETED_DEVICE_FAMILY = "1,2";
			};
			name = Debug;
		};
		AEA85AF22A9620DD0018021E /* Release */ = {
			isa = XCBuildConfiguration;
			buildSettings = {
				ASSETCATALOG_COMPILER_APPICON_NAME = AppIcon;
				ASSETCATALOG_COMPILER_GLOBAL_ACCENT_COLOR_NAME = AccentColor;
				CODE_SIGN_STYLE = Automatic;
				CURRENT_PROJECT_VERSION = 1;
				GENERATE_INFOPLIST_FILE = YES;
				INFOPLIST_FILE = SampleApplication/Info.plist;
				INFOPLIST_KEY_UIApplicationSupportsIndirectInputEvents = YES;
				INFOPLIST_KEY_UILaunchStoryboardName = LaunchScreen;
				INFOPLIST_KEY_UIMainStoryboardFile = Main;
				INFOPLIST_KEY_UISupportedInterfaceOrientations_iPad = "UIInterfaceOrientationPortrait UIInterfaceOrientationPortraitUpsideDown UIInterfaceOrientationLandscapeLeft UIInterfaceOrientationLandscapeRight";
				INFOPLIST_KEY_UISupportedInterfaceOrientations_iPhone = "UIInterfaceOrientationPortrait UIInterfaceOrientationLandscapeLeft UIInterfaceOrientationLandscapeRight";
				LD_RUNPATH_SEARCH_PATHS = (
					"$(inherited)",
					"@executable_path/Frameworks",
				);
				MARKETING_VERSION = 1.0;
				PRODUCT_BUNDLE_IDENTIFIER = Koptotech.SampleApplication;
				PRODUCT_NAME = "$(TARGET_NAME)";
				SWIFT_EMIT_LOC_STRINGS = YES;
				SWIFT_VERSION = 5.0;
				TARGETED_DEVICE_FAMILY = "1,2";
			};
			name = Release;
		};
		AEA85AF42A9620DD0018021E /* Debug */ = {
			isa = XCBuildConfiguration;
			buildSettings = {
				ALWAYS_EMBED_SWIFT_STANDARD_LIBRARIES = YES;
				BUNDLE_LOADER = "$(TEST_HOST)";
				CODE_SIGN_STYLE = Automatic;
				CURRENT_PROJECT_VERSION = 1;
				GENERATE_INFOPLIST_FILE = YES;
				IPHONEOS_DEPLOYMENT_TARGET = 16.4;
				MARKETING_VERSION = 1.0;
				PRODUCT_BUNDLE_IDENTIFIER = Koptotech.SampleApplicationTests;
				PRODUCT_NAME = "$(TARGET_NAME)";
				SWIFT_EMIT_LOC_STRINGS = NO;
				SWIFT_VERSION = 5.0;
				TARGETED_DEVICE_FAMILY = "1,2";
				TEST_HOST = "$(BUILT_PRODUCTS_DIR)/SampleApplication.app/$(BUNDLE_EXECUTABLE_FOLDER_PATH)/SampleApplication";
			};
			name = Debug;
		};
		AEA85AF52A9620DD0018021E /* Release */ = {
			isa = XCBuildConfiguration;
			buildSettings = {
				ALWAYS_EMBED_SWIFT_STANDARD_LIBRARIES = YES;
				BUNDLE_LOADER = "$(TEST_HOST)";
				CODE_SIGN_STYLE = Automatic;
				CURRENT_PROJECT_VERSION = 1;
				GENERATE_INFOPLIST_FILE = YES;
				IPHONEOS_DEPLOYMENT_TARGET = 16.4;
				MARKETING_VERSION = 1.0;
				PRODUCT_BUNDLE_IDENTIFIER = Koptotech.SampleApplicationTests;
				PRODUCT_NAME = "$(TARGET_NAME)";
				SWIFT_EMIT_LOC_STRINGS = NO;
				SWIFT_VERSION = 5.0;
				TARGETED_DEVICE_FAMILY = "1,2";
				TEST_HOST = "$(BUILT_PRODUCTS_DIR)/SampleApplication.app/$(BUNDLE_EXECUTABLE_FOLDER_PATH)/SampleApplication";
			};
			name = Release;
		};
		AEA85AF72A9620DD0018021E /* Debug */ = {
			isa = XCBuildConfiguration;
			buildSettings = {
				ALWAYS_EMBED_SWIFT_STANDARD_LIBRARIES = YES;
				CODE_SIGN_STYLE = Automatic;
				CURRENT_PROJECT_VERSION = 1;
				GENERATE_INFOPLIST_FILE = YES;
				MARKETING_VERSION = 1.0;
				PRODUCT_BUNDLE_IDENTIFIER = Koptotech.SampleApplicationUITests;
				PRODUCT_NAME = "$(TARGET_NAME)";
				SWIFT_EMIT_LOC_STRINGS = NO;
				SWIFT_VERSION = 5.0;
				TARGETED_DEVICE_FAMILY = "1,2";
				TEST_TARGET_NAME = SampleApplication;
			};
			name = Debug;
		};
		AEA85AF82A9620DD0018021E /* Release */ = {
			isa = XCBuildConfiguration;
			buildSettings = {
				ALWAYS_EMBED_SWIFT_STANDARD_LIBRARIES = YES;
				CODE_SIGN_STYLE = Automatic;
				CURRENT_PROJECT_VERSION = 1;
				GENERATE_INFOPLIST_FILE = YES;
				MARKETING_VERSION = 1.0;
				PRODUCT_BUNDLE_IDENTIFIER = Koptotech.SampleApplicationUITests;
				PRODUCT_NAME = "$(TARGET_NAME)";
				SWIFT_EMIT_LOC_STRINGS = NO;
				SWIFT_VERSION = 5.0;
				TARGETED_DEVICE_FAMILY = "1,2";
				TEST_TARGET_NAME = SampleApplication;
			};
			name = Release;
		};
/* End XCBuildConfiguration section */

/* Begin XCConfigurationList section */
		AEA85AC12A9620DB0018021E /* Build configuration list for PBXProject "SampleApplication" */ = {
			isa = XCConfigurationList;
			buildConfigurations = (
				AEA85AEE2A9620DD0018021E /* Debug */,
				AEA85AEF2A9620DD0018021E /* Release */,
			);
			defaultConfigurationIsVisible = 0;
			defaultConfigurationName = Release;
		};
		AEA85AF02A9620DD0018021E /* Build configuration list for PBXNativeTarget "SampleApplication" */ = {
			isa = XCConfigurationList;
			buildConfigurations = (
				AEA85AF12A9620DD0018021E /* Debug */,
				AEA85AF22A9620DD0018021E /* Release */,
			);
			defaultConfigurationIsVisible = 0;
			defaultConfigurationName = Release;
		};
		AEA85AF32A9620DD0018021E /* Build configuration list for PBXNativeTarget "SampleApplicationTests" */ = {
			isa = XCConfigurationList;
			buildConfigurations = (
				AEA85AF42A9620DD0018021E /* Debug */,
				AEA85AF52A9620DD0018021E /* Release */,
			);
			defaultConfigurationIsVisible = 0;
			defaultConfigurationName = Release;
		};
		AEA85AF62A9620DD0018021E /* Build configuration list for PBXNativeTarget "SampleApplicationUITests" */ = {
			isa = XCConfigurationList;
			buildConfigurations = (
				AEA85AF72A9620DD0018021E /* Debug */,
				AEA85AF82A9620DD0018021E /* Release */,
			);
			defaultConfigurationIsVisible = 0;
			defaultConfigurationName = Release;
		};
/* End XCConfigurationList section */
	};
	rootObject = AEA85ABE2A9620DB0018021E /* Project object */;
}
